
Microsoft Visual Studio Solution File, Format Version 12.00
# Visual Studio Version 16
VisualStudioVersion = 16.0.31424.327
MinimumVisualStudioVersion = 10.0.40219.1
Project("{2150E333-8FDC-42A3-9474-1A3956D46DE8}") = "framework", "framework", "{9B20C328-C33E-4ACC-90AE-EEE112C36EEC}"
EndProject
Project("{2150E333-8FDC-42A3-9474-1A3956D46DE8}") = "basic-theme", "basic-theme", "{8F84A30B-33A4-442D-8903-162DFDCC674F}"
EndProject
Project("{9A19103F-16F7-4668-BE54-9A1E7A4F7556}") = "Zero.Abp.AntdesignUI", "framework\Zero.Abp.AntdesignUI\Zero.Abp.AntdesignUI.csproj", "{98D3D0C8-13E6-4F91-BB0D-405E0B81F17B}"
EndProject
Project("{9A19103F-16F7-4668-BE54-9A1E7A4F7556}") = "Zero.Abp.AspNetCore.Components", "framework\Zero.Abp.AspNetCore.Components\Zero.Abp.AspNetCore.Components.csproj", "{68290D41-423C-4A63-997B-5BD8D3A9B1A4}"
EndProject
Project("{9A19103F-16F7-4668-BE54-9A1E7A4F7556}") = "Zero.Abp.AspNetCore.Components.Server", "framework\Zero.Abp.AspNetCore.Components.Server\Zero.Abp.AspNetCore.Components.Server.csproj", "{128566DE-B4ED-4244-A766-AE540A37693C}"
EndProject
Project("{9A19103F-16F7-4668-BE54-9A1E7A4F7556}") = "Zero.Abp.AspNetCore.Components.Server.Theming", "framework\Zero.Abp.AspNetCore.Components.Server.Theming\Zero.Abp.AspNetCore.Components.Server.Theming.csproj", "{F36A79BD-535C-4379-B689-6164CDE48ECD}"
EndProject
Project("{9A19103F-16F7-4668-BE54-9A1E7A4F7556}") = "Zero.Abp.AspNetCore.Components.Web", "framework\Zero.Abp.AspNetCore.Components.Web\Zero.Abp.AspNetCore.Components.Web.csproj", "{9BF28911-E81B-400A-81A2-D6DEA0BC3D5F}"
EndProject
Project("{9A19103F-16F7-4668-BE54-9A1E7A4F7556}") = "Zero.Abp.AspNetCore.Components.Web.Theming", "framework\Zero.Abp.AspNetCore.Components.Web.Theming\Zero.Abp.AspNetCore.Components.Web.Theming.csproj", "{B6F27515-8DB7-41FC-8662-FF3E642F8CD3}"
EndProject
Project("{9A19103F-16F7-4668-BE54-9A1E7A4F7556}") = "Zero.Abp.AspNetCore.Mvc.UI.Bundling", "framework\Zero.Abp.AspNetCore.Mvc.UI.Bundling\Zero.Abp.AspNetCore.Mvc.UI.Bundling.csproj", "{A8527D7C-F84C-46A5-8BEB-13025F53ED09}"
EndProject
Project("{9A19103F-16F7-4668-BE54-9A1E7A4F7556}") = "Zero.Abp.AspNetCore.Components.Web.BasicTheme", "basic-theme\Zero.Abp.AspNetCore.Components.Web.BasicTheme\Zero.Abp.AspNetCore.Components.Web.BasicTheme.csproj", "{47C0E217-F8EF-4243-83F4-8D26D451C40F}"
EndProject
Project("{9A19103F-16F7-4668-BE54-9A1E7A4F7556}") = "Zero.Abp.AspNetCore.Components.Server.BasicTheme", "basic-theme\Zero.Abp.AspNetCore.Components.Server.BasicTheme\Zero.Abp.AspNetCore.Components.Server.BasicTheme.csproj", "{0602E04B-0D7C-490E-9CBA-7C18F3A7A845}"
EndProject
Project("{2150E333-8FDC-42A3-9474-1A3956D46DE8}") = "app", "app", "{B37C3EE3-BB53-41C5-8957-4F911D20FFCD}"
EndProject
Project("{9A19103F-16F7-4668-BE54-9A1E7A4F7556}") = "BlazorServerDemo", "app\BlazorServerDemo\BlazorServerDemo.csproj", "{9D777F20-BBE4-4403-BF63-ACD75C7D6921}"
EndProject
Project("{9A19103F-16F7-4668-BE54-9A1E7A4F7556}") = "BlazorWebAssmblyDemo", "app\BlazorWebAssmblyDemo\BlazorWebAssmblyDemo.csproj", "{B0FE6C41-8632-4260-97F7-4E2930935311}"
EndProject
Project("{9A19103F-16F7-4668-BE54-9A1E7A4F7556}") = "Zero.Abp.AspNetCore.Components.WebAssembly.BasicTheme", "basic-theme\Zero.Abp.AspNetCore.Components.WebAssembly.BasicTheme\Zero.Abp.AspNetCore.Components.WebAssembly.BasicTheme.csproj", "{46ECD549-E328-47B8-8B63-8D21334F4077}"
EndProject
Project("{9A19103F-16F7-4668-BE54-9A1E7A4F7556}") = "Zero.Abp.AspNetCore.Components.WebAssembly", "framework\Zero.Abp.AspNetCore.Components.WebAssembly\Zero.Abp.AspNetCore.Components.WebAssembly.csproj", "{91CFC0C5-5CBF-4FCE-AE17-513BC7AF928E}"
EndProject
Project("{9A19103F-16F7-4668-BE54-9A1E7A4F7556}") = "Zero.Abp.AspNetCore.Components.WebAssembly.Theming", "framework\Zero.Abp.AspNetCore.Components.WebAssembly.Theming\Zero.Abp.AspNetCore.Components.WebAssembly.Theming.csproj", "{96F07818-FD62-447E-8D04-98D13CD8F36F}"
EndProject
Project("{9A19103F-16F7-4668-BE54-9A1E7A4F7556}") = "Zero.Abp.Http.Client.IdentityModel.WebAssembly", "framework\Zero.Abp.Http.Client.IdentityModel.WebAssembly\Zero.Abp.Http.Client.IdentityModel.WebAssembly.csproj", "{4CBA1651-AEEF-4C2C-9AD2-BCD52FB7ED02}"
EndProject
Project("{2150E333-8FDC-42A3-9474-1A3956D46DE8}") = "ComponentsServer", "ComponentsServer", "{DABBF297-AD92-4D54-8300-D515389CB6C1}"
EndProject
Project("{2150E333-8FDC-42A3-9474-1A3956D46DE8}") = "ComponentsWebAssembly", "ComponentsWebAssembly", "{95C2E203-00A7-440E-A098-C3ADA4B97EC3}"
EndProject
Project("{2150E333-8FDC-42A3-9474-1A3956D46DE8}") = "modules", "modules", "{85345669-869D-4390-9B3A-B69599C10BBF}"
EndProject
Project("{2150E333-8FDC-42A3-9474-1A3956D46DE8}") = "setting-management", "setting-management", "{23D57A80-0DC6-45A3-A083-D077E5AC0FF5}"
EndProject
Project("{9A19103F-16F7-4668-BE54-9A1E7A4F7556}") = "Zero.Abp.SettingManagement.Blazor", "modules\setting-management\Zero.Abp.SettingManagement.Blazor\Zero.Abp.SettingManagement.Blazor.csproj", "{2D8A309D-2357-4D01-8182-055E09524A4E}"
EndProject
Project("{FAE04EC0-301F-11D3-BF4B-00C04F79EFBC}") = "Zero.Abp.SettingManagement.Blazor.Server", "modules\setting-management\Zero.Abp.SettingManagement.Blazor.Server\Zero.Abp.SettingManagement.Blazor.Server.csproj", "{CAF8ADB7-C0D9-41A1-93D5-98D1E06B038B}"
EndProject
Project("{FAE04EC0-301F-11D3-BF4B-00C04F79EFBC}") = "Zero.Abp.SettingManagement.Blazor.WebAssembly", "modules\setting-management\Zero.Abp.SettingManagement.Blazor.WebAssembly\Zero.Abp.SettingManagement.Blazor.WebAssembly.csproj", "{2F9BE7C2-B253-4481-8BFE-FE58501A4337}"
EndProject
Global
	GlobalSection(SolutionConfigurationPlatforms) = preSolution
		Debug|Any CPU = Debug|Any CPU
		Release|Any CPU = Release|Any CPU
	EndGlobalSection
	GlobalSection(ProjectConfigurationPlatforms) = postSolution
		{98D3D0C8-13E6-4F91-BB0D-405E0B81F17B}.Debug|Any CPU.ActiveCfg = Debug|Any CPU
		{98D3D0C8-13E6-4F91-BB0D-405E0B81F17B}.Debug|Any CPU.Build.0 = Debug|Any CPU
		{98D3D0C8-13E6-4F91-BB0D-405E0B81F17B}.Release|Any CPU.ActiveCfg = Release|Any CPU
		{98D3D0C8-13E6-4F91-BB0D-405E0B81F17B}.Release|Any CPU.Build.0 = Release|Any CPU
		{68290D41-423C-4A63-997B-5BD8D3A9B1A4}.Debug|Any CPU.ActiveCfg = Debug|Any CPU
		{68290D41-423C-4A63-997B-5BD8D3A9B1A4}.Debug|Any CPU.Build.0 = Debug|Any CPU
		{68290D41-423C-4A63-997B-5BD8D3A9B1A4}.Release|Any CPU.ActiveCfg = Release|Any CPU
		{68290D41-423C-4A63-997B-5BD8D3A9B1A4}.Release|Any CPU.Build.0 = Release|Any CPU
		{128566DE-B4ED-4244-A766-AE540A37693C}.Debug|Any CPU.ActiveCfg = Debug|Any CPU
		{128566DE-B4ED-4244-A766-AE540A37693C}.Debug|Any CPU.Build.0 = Debug|Any CPU
		{128566DE-B4ED-4244-A766-AE540A37693C}.Release|Any CPU.ActiveCfg = Release|Any CPU
		{128566DE-B4ED-4244-A766-AE540A37693C}.Release|Any CPU.Build.0 = Release|Any CPU
		{F36A79BD-535C-4379-B689-6164CDE48ECD}.Debug|Any CPU.ActiveCfg = Debug|Any CPU
		{F36A79BD-535C-4379-B689-6164CDE48ECD}.Debug|Any CPU.Build.0 = Debug|Any CPU
		{F36A79BD-535C-4379-B689-6164CDE48ECD}.Release|Any CPU.ActiveCfg = Release|Any CPU
		{F36A79BD-535C-4379-B689-6164CDE48ECD}.Release|Any CPU.Build.0 = Release|Any CPU
		{9BF28911-E81B-400A-81A2-D6DEA0BC3D5F}.Debug|Any CPU.ActiveCfg = Debug|Any CPU
		{9BF28911-E81B-400A-81A2-D6DEA0BC3D5F}.Debug|Any CPU.Build.0 = Debug|Any CPU
		{9BF28911-E81B-400A-81A2-D6DEA0BC3D5F}.Release|Any CPU.ActiveCfg = Release|Any CPU
		{9BF28911-E81B-400A-81A2-D6DEA0BC3D5F}.Release|Any CPU.Build.0 = Release|Any CPU
		{B6F27515-8DB7-41FC-8662-FF3E642F8CD3}.Debug|Any CPU.ActiveCfg = Debug|Any CPU
		{B6F27515-8DB7-41FC-8662-FF3E642F8CD3}.Debug|Any CPU.Build.0 = Debug|Any CPU
		{B6F27515-8DB7-41FC-8662-FF3E642F8CD3}.Release|Any CPU.ActiveCfg = Release|Any CPU
		{B6F27515-8DB7-41FC-8662-FF3E642F8CD3}.Release|Any CPU.Build.0 = Release|Any CPU
		{A8527D7C-F84C-46A5-8BEB-13025F53ED09}.Debug|Any CPU.ActiveCfg = Debug|Any CPU
		{A8527D7C-F84C-46A5-8BEB-13025F53ED09}.Debug|Any CPU.Build.0 = Debug|Any CPU
		{A8527D7C-F84C-46A5-8BEB-13025F53ED09}.Release|Any CPU.ActiveCfg = Release|Any CPU
		{A8527D7C-F84C-46A5-8BEB-13025F53ED09}.Release|Any CPU.Build.0 = Release|Any CPU
		{47C0E217-F8EF-4243-83F4-8D26D451C40F}.Debug|Any CPU.ActiveCfg = Debug|Any CPU
		{47C0E217-F8EF-4243-83F4-8D26D451C40F}.Debug|Any CPU.Build.0 = Debug|Any CPU
		{47C0E217-F8EF-4243-83F4-8D26D451C40F}.Release|Any CPU.ActiveCfg = Release|Any CPU
		{47C0E217-F8EF-4243-83F4-8D26D451C40F}.Release|Any CPU.Build.0 = Release|Any CPU
		{0602E04B-0D7C-490E-9CBA-7C18F3A7A845}.Debug|Any CPU.ActiveCfg = Debug|Any CPU
		{0602E04B-0D7C-490E-9CBA-7C18F3A7A845}.Debug|Any CPU.Build.0 = Debug|Any CPU
		{0602E04B-0D7C-490E-9CBA-7C18F3A7A845}.Release|Any CPU.ActiveCfg = Release|Any CPU
		{0602E04B-0D7C-490E-9CBA-7C18F3A7A845}.Release|Any CPU.Build.0 = Release|Any CPU
		{9D777F20-BBE4-4403-BF63-ACD75C7D6921}.Debug|Any CPU.ActiveCfg = Debug|Any CPU
		{9D777F20-BBE4-4403-BF63-ACD75C7D6921}.Debug|Any CPU.Build.0 = Debug|Any CPU
		{9D777F20-BBE4-4403-BF63-ACD75C7D6921}.Release|Any CPU.ActiveCfg = Release|Any CPU
		{9D777F20-BBE4-4403-BF63-ACD75C7D6921}.Release|Any CPU.Build.0 = Release|Any CPU
		{B0FE6C41-8632-4260-97F7-4E2930935311}.Debug|Any CPU.ActiveCfg = Debug|Any CPU
		{B0FE6C41-8632-4260-97F7-4E2930935311}.Debug|Any CPU.Build.0 = Debug|Any CPU
		{B0FE6C41-8632-4260-97F7-4E2930935311}.Release|Any CPU.ActiveCfg = Release|Any CPU
		{B0FE6C41-8632-4260-97F7-4E2930935311}.Release|Any CPU.Build.0 = Release|Any CPU
		{46ECD549-E328-47B8-8B63-8D21334F4077}.Debug|Any CPU.ActiveCfg = Debug|Any CPU
		{46ECD549-E328-47B8-8B63-8D21334F4077}.Debug|Any CPU.Build.0 = Debug|Any CPU
		{46ECD549-E328-47B8-8B63-8D21334F4077}.Release|Any CPU.ActiveCfg = Release|Any CPU
		{46ECD549-E328-47B8-8B63-8D21334F4077}.Release|Any CPU.Build.0 = Release|Any CPU
		{91CFC0C5-5CBF-4FCE-AE17-513BC7AF928E}.Debug|Any CPU.ActiveCfg = Debug|Any CPU
		{91CFC0C5-5CBF-4FCE-AE17-513BC7AF928E}.Debug|Any CPU.Build.0 = Debug|Any CPU
		{91CFC0C5-5CBF-4FCE-AE17-513BC7AF928E}.Release|Any CPU.ActiveCfg = Release|Any CPU
		{91CFC0C5-5CBF-4FCE-AE17-513BC7AF928E}.Release|Any CPU.Build.0 = Release|Any CPU
		{96F07818-FD62-447E-8D04-98D13CD8F36F}.Debug|Any CPU.ActiveCfg = Debug|Any CPU
		{96F07818-FD62-447E-8D04-98D13CD8F36F}.Debug|Any CPU.Build.0 = Debug|Any CPU
		{96F07818-FD62-447E-8D04-98D13CD8F36F}.Release|Any CPU.ActiveCfg = Release|Any CPU
		{96F07818-FD62-447E-8D04-98D13CD8F36F}.Release|Any CPU.Build.0 = Release|Any CPU
		{4CBA1651-AEEF-4C2C-9AD2-BCD52FB7ED02}.Debug|Any CPU.ActiveCfg = Debug|Any CPU
		{4CBA1651-AEEF-4C2C-9AD2-BCD52FB7ED02}.Debug|Any CPU.Build.0 = Debug|Any CPU
		{4CBA1651-AEEF-4C2C-9AD2-BCD52FB7ED02}.Release|Any CPU.ActiveCfg = Release|Any CPU
		{4CBA1651-AEEF-4C2C-9AD2-BCD52FB7ED02}.Release|Any CPU.Build.0 = Release|Any CPU
		{2D8A309D-2357-4D01-8182-055E09524A4E}.Debug|Any CPU.ActiveCfg = Debug|Any CPU
		{2D8A309D-2357-4D01-8182-055E09524A4E}.Debug|Any CPU.Build.0 = Debug|Any CPU
		{2D8A309D-2357-4D01-8182-055E09524A4E}.Release|Any CPU.ActiveCfg = Release|Any CPU
		{2D8A309D-2357-4D01-8182-055E09524A4E}.Release|Any CPU.Build.0 = Release|Any CPU
		{CAF8ADB7-C0D9-41A1-93D5-98D1E06B038B}.Debug|Any CPU.ActiveCfg = Debug|Any CPU
		{CAF8ADB7-C0D9-41A1-93D5-98D1E06B038B}.Debug|Any CPU.Build.0 = Debug|Any CPU
		{CAF8ADB7-C0D9-41A1-93D5-98D1E06B038B}.Release|Any CPU.ActiveCfg = Release|Any CPU
		{CAF8ADB7-C0D9-41A1-93D5-98D1E06B038B}.Release|Any CPU.Build.0 = Release|Any CPU
		{2F9BE7C2-B253-4481-8BFE-FE58501A4337}.Debug|Any CPU.ActiveCfg = Debug|Any CPU
		{2F9BE7C2-B253-4481-8BFE-FE58501A4337}.Debug|Any CPU.Build.0 = Debug|Any CPU
		{2F9BE7C2-B253-4481-8BFE-FE58501A4337}.Release|Any CPU.ActiveCfg = Release|Any CPU
		{2F9BE7C2-B253-4481-8BFE-FE58501A4337}.Release|Any CPU.Build.0 = Release|Any CPU
	EndGlobalSection
	GlobalSection(SolutionProperties) = preSolution
		HideSolutionNode = FALSE
	EndGlobalSection
	GlobalSection(NestedProjects) = preSolution
		{98D3D0C8-13E6-4F91-BB0D-405E0B81F17B} = {9B20C328-C33E-4ACC-90AE-EEE112C36EEC}
		{68290D41-423C-4A63-997B-5BD8D3A9B1A4} = {9B20C328-C33E-4ACC-90AE-EEE112C36EEC}
		{128566DE-B4ED-4244-A766-AE540A37693C} = {DABBF297-AD92-4D54-8300-D515389CB6C1}
		{F36A79BD-535C-4379-B689-6164CDE48ECD} = {DABBF297-AD92-4D54-8300-D515389CB6C1}
		{9BF28911-E81B-400A-81A2-D6DEA0BC3D5F} = {9B20C328-C33E-4ACC-90AE-EEE112C36EEC}
		{B6F27515-8DB7-41FC-8662-FF3E642F8CD3} = {9B20C328-C33E-4ACC-90AE-EEE112C36EEC}
		{A8527D7C-F84C-46A5-8BEB-13025F53ED09} = {9B20C328-C33E-4ACC-90AE-EEE112C36EEC}
		{47C0E217-F8EF-4243-83F4-8D26D451C40F} = {8F84A30B-33A4-442D-8903-162DFDCC674F}
		{0602E04B-0D7C-490E-9CBA-7C18F3A7A845} = {8F84A30B-33A4-442D-8903-162DFDCC674F}
		{9D777F20-BBE4-4403-BF63-ACD75C7D6921} = {B37C3EE3-BB53-41C5-8957-4F911D20FFCD}
		{B0FE6C41-8632-4260-97F7-4E2930935311} = {B37C3EE3-BB53-41C5-8957-4F911D20FFCD}
		{46ECD549-E328-47B8-8B63-8D21334F4077} = {8F84A30B-33A4-442D-8903-162DFDCC674F}
		{91CFC0C5-5CBF-4FCE-AE17-513BC7AF928E} = {95C2E203-00A7-440E-A098-C3ADA4B97EC3}
		{96F07818-FD62-447E-8D04-98D13CD8F36F} = {95C2E203-00A7-440E-A098-C3ADA4B97EC3}
		{4CBA1651-AEEF-4C2C-9AD2-BCD52FB7ED02} = {95C2E203-00A7-440E-A098-C3ADA4B97EC3}
		{DABBF297-AD92-4D54-8300-D515389CB6C1} = {9B20C328-C33E-4ACC-90AE-EEE112C36EEC}
		{95C2E203-00A7-440E-A098-C3ADA4B97EC3} = {9B20C328-C33E-4ACC-90AE-EEE112C36EEC}
		{23D57A80-0DC6-45A3-A083-D077E5AC0FF5} = {85345669-869D-4390-9B3A-B69599C10BBF}
		{2D8A309D-2357-4D01-8182-055E09524A4E} = {23D57A80-0DC6-45A3-A083-D077E5AC0FF5}
		{CAF8ADB7-C0D9-41A1-93D5-98D1E06B038B} = {23D57A80-0DC6-45A3-A083-D077E5AC0FF5}
		{2F9BE7C2-B253-4481-8BFE-FE58501A4337} = {23D57A80-0DC6-45A3-A083-D077E5AC0FF5}
	EndGlobalSection
	GlobalSection(ExtensibilityGlobals) = postSolution
		SolutionGuid = {CCCD4626-D10B-4FA0-A554-235AECB0AB80}
	EndGlobalSection
EndGlobal
