
Microsoft Visual Studio Solution File, Format Version 12.00
# Visual Studio Version 17
VisualStudioVersion = 17.0.31815.197
MinimumVisualStudioVersion = 10.0.40219.1
Project("{2150E333-8FDC-42A3-9474-1A3956D46DE8}") = "framework", "framework", "{9B20C328-C33E-4ACC-90AE-EEE112C36EEC}"
EndProject
Project("{9A19103F-16F7-4668-BE54-9A1E7A4F7556}") = "Zero.Abp.AspNetCore.Components", "framework\Zero.Abp.AspNetCore.Components\Zero.Abp.AspNetCore.Components.csproj", "{68290D41-423C-4A63-997B-5BD8D3A9B1A4}"
EndProject
Project("{9A19103F-16F7-4668-BE54-9A1E7A4F7556}") = "Zero.Abp.AspNetCore.Components.Server", "framework\Zero.Abp.AspNetCore.Components.Server\Zero.Abp.AspNetCore.Components.Server.csproj", "{128566DE-B4ED-4244-A766-AE540A37693C}"
EndProject
Project("{9A19103F-16F7-4668-BE54-9A1E7A4F7556}") = "Zero.Abp.AspNetCore.Components.Server.Theming", "framework\Zero.Abp.AspNetCore.Components.Server.Theming\Zero.Abp.AspNetCore.Components.Server.Theming.csproj", "{F36A79BD-535C-4379-B689-6164CDE48ECD}"
EndProject
Project("{9A19103F-16F7-4668-BE54-9A1E7A4F7556}") = "Zero.Abp.AspNetCore.Components.Web", "framework\Zero.Abp.AspNetCore.Components.Web\Zero.Abp.AspNetCore.Components.Web.csproj", "{9BF28911-E81B-400A-81A2-D6DEA0BC3D5F}"
EndProject
Project("{9A19103F-16F7-4668-BE54-9A1E7A4F7556}") = "Zero.Abp.AspNetCore.Components.Web.Theming", "framework\Zero.Abp.AspNetCore.Components.Web.Theming\Zero.Abp.AspNetCore.Components.Web.Theming.csproj", "{B6F27515-8DB7-41FC-8662-FF3E642F8CD3}"
EndProject
Project("{9A19103F-16F7-4668-BE54-9A1E7A4F7556}") = "Zero.Abp.AspNetCore.Mvc.UI.Bundling", "framework\Zero.Abp.AspNetCore.Mvc.UI.Bundling\Zero.Abp.AspNetCore.Mvc.UI.Bundling.csproj", "{A8527D7C-F84C-46A5-8BEB-13025F53ED09}"
EndProject
Project("{2150E333-8FDC-42A3-9474-1A3956D46DE8}") = "app", "app", "{B37C3EE3-BB53-41C5-8957-4F911D20FFCD}"
EndProject
Project("{9A19103F-16F7-4668-BE54-9A1E7A4F7556}") = "BlazorServerDemo", "app\BlazorServerDemo\BlazorServerDemo.csproj", "{9D777F20-BBE4-4403-BF63-ACD75C7D6921}"
EndProject
Project("{9A19103F-16F7-4668-BE54-9A1E7A4F7556}") = "BlazorWebAssmblyDemo", "app\BlazorWebAssmblyDemo\BlazorWebAssmblyDemo.csproj", "{B0FE6C41-8632-4260-97F7-4E2930935311}"
EndProject
Project("{9A19103F-16F7-4668-BE54-9A1E7A4F7556}") = "Zero.Abp.AspNetCore.Components.WebAssembly", "framework\Zero.Abp.AspNetCore.Components.WebAssembly\Zero.Abp.AspNetCore.Components.WebAssembly.csproj", "{91CFC0C5-5CBF-4FCE-AE17-513BC7AF928E}"
EndProject
Project("{9A19103F-16F7-4668-BE54-9A1E7A4F7556}") = "Zero.Abp.AspNetCore.Components.WebAssembly.Theming", "framework\Zero.Abp.AspNetCore.Components.WebAssembly.Theming\Zero.Abp.AspNetCore.Components.WebAssembly.Theming.csproj", "{96F07818-FD62-447E-8D04-98D13CD8F36F}"
EndProject
Project("{9A19103F-16F7-4668-BE54-9A1E7A4F7556}") = "Zero.Abp.Http.Client.IdentityModel.WebAssembly", "framework\Zero.Abp.Http.Client.IdentityModel.WebAssembly\Zero.Abp.Http.Client.IdentityModel.WebAssembly.csproj", "{4CBA1651-AEEF-4C2C-9AD2-BCD52FB7ED02}"
EndProject
Project("{2150E333-8FDC-42A3-9474-1A3956D46DE8}") = "ComponentsServer", "ComponentsServer", "{DABBF297-AD92-4D54-8300-D515389CB6C1}"
EndProject
Project("{2150E333-8FDC-42A3-9474-1A3956D46DE8}") = "ComponentsWebAssembly", "ComponentsWebAssembly", "{95C2E203-00A7-440E-A098-C3ADA4B97EC3}"
EndProject
Project("{2150E333-8FDC-42A3-9474-1A3956D46DE8}") = "modules", "modules", "{85345669-869D-4390-9B3A-B69599C10BBF}"
EndProject
Project("{2150E333-8FDC-42A3-9474-1A3956D46DE8}") = "setting-management", "setting-management", "{23D57A80-0DC6-45A3-A083-D077E5AC0FF5}"
EndProject
Project("{9A19103F-16F7-4668-BE54-9A1E7A4F7556}") = "Zero.Abp.SettingManagement.Blazor", "modules\setting-management\Zero.Abp.SettingManagement.Blazor\Zero.Abp.SettingManagement.Blazor.csproj", "{2D8A309D-2357-4D01-8182-055E09524A4E}"
EndProject
Project("{9A19103F-16F7-4668-BE54-9A1E7A4F7556}") = "Zero.Abp.SettingManagement.Blazor.Server", "modules\setting-management\Zero.Abp.SettingManagement.Blazor.Server\Zero.Abp.SettingManagement.Blazor.Server.csproj", "{CAF8ADB7-C0D9-41A1-93D5-98D1E06B038B}"
EndProject
Project("{9A19103F-16F7-4668-BE54-9A1E7A4F7556}") = "Zero.Abp.SettingManagement.Blazor.WebAssembly", "modules\setting-management\Zero.Abp.SettingManagement.Blazor.WebAssembly\Zero.Abp.SettingManagement.Blazor.WebAssembly.csproj", "{2F9BE7C2-B253-4481-8BFE-FE58501A4337}"
EndProject
Project("{2150E333-8FDC-42A3-9474-1A3956D46DE8}") = "antd-theme", "antd-theme", "{74951E45-3925-4637-A97D-7AF77C279549}"
EndProject
Project("{9A19103F-16F7-4668-BE54-9A1E7A4F7556}") = "Zero.Abp.AspNetCore.Components.Web.AntdTheme", "antd-theme\Zero.Abp.AspNetCore.Components.Web.AntdTheme\Zero.Abp.AspNetCore.Components.Web.AntdTheme.csproj", "{0CC6BBCC-92E0-4A87-BBA8-F3CBF94ED10A}"
EndProject
Project("{9A19103F-16F7-4668-BE54-9A1E7A4F7556}") = "Zero.Abp.AspNetCore.Components.Server.AntdTheme", "antd-theme\Zero.Abp.AspNetCore.Components.Server.AntdTheme\Zero.Abp.AspNetCore.Components.Server.AntdTheme.csproj", "{FD4A5ACD-9FB6-4FB9-AF35-ABC2475DEA50}"
EndProject
Project("{9A19103F-16F7-4668-BE54-9A1E7A4F7556}") = "Zero.Abp.AspNetCore.Components.WebAssembly.AntdTheme", "antd-theme\Zero.Abp.AspNetCore.Components.WebAssembly.AntdTheme\Zero.Abp.AspNetCore.Components.WebAssembly.AntdTheme.csproj", "{7B0A6D4C-42EB-4B88-BF55-86CD88698BAC}"
EndProject
Project("{2150E333-8FDC-42A3-9474-1A3956D46DE8}") = "config", "config", "{339A55EB-E5F6-413B-BD7E-CF2FDA94AE6F}"
	ProjectSection(SolutionItems) = preProject
		common.props = common.props
		configureawait.props = configureawait.props
	EndProjectSection
EndProject
Project("{9A19103F-16F7-4668-BE54-9A1E7A4F7556}") = "Zero.Abp.AntBlazorUI", "framework\Zero.Abp.AntBlazorUI\Zero.Abp.AntBlazorUI.csproj", "{ADCA69E5-0B12-43BA-A8A9-3993808530CE}"
EndProject
Project("{9A19103F-16F7-4668-BE54-9A1E7A4F7556}") = "Zero.Abp.AntBlazor.Layout", "framework\Zero.Abp.AntBlazor.Layout\Zero.Abp.AntBlazor.Layout.csproj", "{D8CDBCB4-0AC8-4DEC-BD0C-BEA0B11DC8EE}"
EndProject
Project("{9A19103F-16F7-4668-BE54-9A1E7A4F7556}") = "AbpBlazorServerApp.Blazor", "app\BlazorServerApp\src\AbpBlazorServerApp.Blazor\AbpBlazorServerApp.Blazor.csproj", "{8C7BBB13-3C39-455A-956A-60EEB34827BE}"
EndProject
Project("{2150E333-8FDC-42A3-9474-1A3956D46DE8}") = "AbpBlazorServerApp", "AbpBlazorServerApp", "{B926DFFA-EB8D-4B81-8C82-2F8E3636AB57}"
EndProject
Project("{9A19103F-16F7-4668-BE54-9A1E7A4F7556}") = "AbpBlazorServerApp.Application.Contracts", "app\BlazorServerApp\src\AbpBlazorServerApp.Application.Contracts\AbpBlazorServerApp.Application.Contracts.csproj", "{BDF35502-AE77-4B1C-90E2-797EF857FFAE}"
EndProject
Project("{9A19103F-16F7-4668-BE54-9A1E7A4F7556}") = "AbpBlazorServerApp.Application", "app\BlazorServerApp\src\AbpBlazorServerApp.Application\AbpBlazorServerApp.Application.csproj", "{AB96A8F2-CDBB-4474-B9C1-7AE54ABD53F2}"
EndProject
Project("{9A19103F-16F7-4668-BE54-9A1E7A4F7556}") = "AbpBlazorServerApp.Domain", "app\BlazorServerApp\src\AbpBlazorServerApp.Domain\AbpBlazorServerApp.Domain.csproj", "{96948F4F-67C9-4142-94A0-3D3B9B352439}"
EndProject
Project("{9A19103F-16F7-4668-BE54-9A1E7A4F7556}") = "AbpBlazorServerApp.Domain.Shared", "app\BlazorServerApp\src\AbpBlazorServerApp.Domain.Shared\AbpBlazorServerApp.Domain.Shared.csproj", "{C2908F0C-653F-45EF-8FCF-E2B5F4658C46}"
EndProject
Project("{9A19103F-16F7-4668-BE54-9A1E7A4F7556}") = "AbpBlazorServerApp.EntityFrameworkCore", "app\BlazorServerApp\src\AbpBlazorServerApp.EntityFrameworkCore\AbpBlazorServerApp.EntityFrameworkCore.csproj", "{6FA76839-BD04-49F9-BDA5-335ED6B099AE}"
EndProject
Project("{9A19103F-16F7-4668-BE54-9A1E7A4F7556}") = "AbpBlazorServerApp.HttpApi", "app\BlazorServerApp\src\AbpBlazorServerApp.HttpApi\AbpBlazorServerApp.HttpApi.csproj", "{25AA3D0E-DD12-41CB-A807-61BC63317A58}"
EndProject
Project("{9A19103F-16F7-4668-BE54-9A1E7A4F7556}") = "AbpBlazorServerApp.DbMigrator", "app\BlazorServerApp\src\AbpBlazorServerApp.DbMigrator\AbpBlazorServerApp.DbMigrator.csproj", "{FCA687C5-7063-4426-8D28-2E98231855D7}"
EndProject
Project("{2150E333-8FDC-42A3-9474-1A3956D46DE8}") = "tenant-management", "tenant-management", "{5CD9C648-6718-4676-9BA4-8842B1EC14A3}"
EndProject
Project("{9A19103F-16F7-4668-BE54-9A1E7A4F7556}") = "Zero.Abp.TenantManagement.Blazor", "modules\tenant-management\Zero.Abp.TenantManagement.Blazor\Zero.Abp.TenantManagement.Blazor.csproj", "{B8D1A256-84DD-4E51-989A-EC2B8511CD6C}"
EndProject
Project("{9A19103F-16F7-4668-BE54-9A1E7A4F7556}") = "Zero.Abp.TenantManagement.Blazor.Server", "modules\tenant-management\Zero.Abp.TenantManagement.Blazor.Server\Zero.Abp.TenantManagement.Blazor.Server.csproj", "{3DCA1FA6-3E54-4715-BD3C-C62CBF9872C9}"
EndProject
Project("{9A19103F-16F7-4668-BE54-9A1E7A4F7556}") = "Zero.Abp.TenantManagement.Blazor.WebAssembly", "modules\tenant-management\Zero.Abp.TenantManagement.Blazor.WebAssembly\Zero.Abp.TenantManagement.Blazor.WebAssembly.csproj", "{7F35DE60-3F19-482A-BFA3-D32F27735EA3}"
EndProject
Project("{2150E333-8FDC-42A3-9474-1A3956D46DE8}") = "feature-management", "feature-management", "{DEE9E17A-CDEB-4E20-B6A2-C15D0814B54B}"
EndProject
Project("{9A19103F-16F7-4668-BE54-9A1E7A4F7556}") = "Zero.Abp.FeatureManagement.Blazor.WebAssembly", "modules\feature-management\Zero.Abp.FeatureManagement.Blazor.WebAssembly\Zero.Abp.FeatureManagement.Blazor.WebAssembly.csproj", "{0CB2DA4C-6FA1-4463-8B6C-EA7C2A340F40}"
EndProject
Project("{9A19103F-16F7-4668-BE54-9A1E7A4F7556}") = "Zero.Abp.FeatureManagement.Blazor.Server", "modules\feature-management\Zero.Abp.FeatureManagement.Blazor.Server\Zero.Abp.FeatureManagement.Blazor.Server.csproj", "{337C3F13-B83A-4DE8-BAB6-39CE98F858E3}"
EndProject
Project("{9A19103F-16F7-4668-BE54-9A1E7A4F7556}") = "Zero.Abp.FeatureManagement.Blazor", "modules\feature-management\Zero.Abp.FeatureManagement.Blazor\Zero.Abp.FeatureManagement.Blazor.csproj", "{DC2CC52B-BD25-4563-94A4-A43DDA8B1753}"
EndProject
Project("{2150E333-8FDC-42A3-9474-1A3956D46DE8}") = "identity", "identity", "{DC0F0F27-CCA0-41E9-BDC1-0A28C3E34F94}"
EndProject
Project("{9A19103F-16F7-4668-BE54-9A1E7A4F7556}") = "Zero.Abp.Identity.Blazor", "modules\identity\Zero.Abp.Identity.Blazor\Zero.Abp.Identity.Blazor.csproj", "{F85BC3AA-AEEF-4DB9-B0BE-D5C8981BD04C}"
EndProject
Project("{9A19103F-16F7-4668-BE54-9A1E7A4F7556}") = "Zero.Abp.Identity.Blazor.Server", "modules\identity\Zero.Abp.Identity.Blazor.Server\Zero.Abp.Identity.Blazor.Server.csproj", "{CB691255-6C9B-49B0-B68A-93693EA1BAE2}"
EndProject
Project("{9A19103F-16F7-4668-BE54-9A1E7A4F7556}") = "Zero.Abp.Identity.Blazor.WebAssembly", "modules\identity\Zero.Abp.Identity.Blazor.WebAssembly\Zero.Abp.Identity.Blazor.WebAssembly.csproj", "{4247739E-CA35-4E64-971F-96690BFA951D}"
EndProject
Project("{2150E333-8FDC-42A3-9474-1A3956D46DE8}") = "permission-management", "permission-management", "{F4F32FDB-EF32-4E2A-8195-49B616D9F592}"
EndProject
Project("{9A19103F-16F7-4668-BE54-9A1E7A4F7556}") = "Zero.Abp.PermissionManagement.Blazor", "modules\permission-management\Zero.Abp.PermissionManagement.Blazor\Zero.Abp.PermissionManagement.Blazor.csproj", "{51DA7A2F-E8BC-4239-8071-5D11B778826F}"
EndProject
Project("{9A19103F-16F7-4668-BE54-9A1E7A4F7556}") = "Zero.Abp.PermissionManagement.Blazor.Server", "modules\permission-management\Zero.Abp.PermissionManagement.Blazor.Server\Zero.Abp.PermissionManagement.Blazor.Server.csproj", "{F16553CC-F907-4D27-AED5-F436A60BDF85}"
EndProject
Project("{9A19103F-16F7-4668-BE54-9A1E7A4F7556}") = "Zero.Abp.PermissionManagement.Blazor.WebAssembly", "modules\permission-management\Zero.Abp.PermissionManagement.Blazor.WebAssembly\Zero.Abp.PermissionManagement.Blazor.WebAssembly.csproj", "{EA2D9DCE-A518-4BC7-A8A4-A5FE3B1CA9FC}"
EndProject
Project("{9A19103F-16F7-4668-BE54-9A1E7A4F7556}") = "AntDesign", "..\GitHub\weidyg\ant-design-blazor\components\AntDesign.csproj", "{91A975E4-9FE8-4431-BA60-F55F4298BA0C}"
EndProject
Project("{2150E333-8FDC-42A3-9474-1A3956D46DE8}") = "account", "account", "{A4266861-1074-4143-8746-B9C13379D369}"
EndProject
Project("{9A19103F-16F7-4668-BE54-9A1E7A4F7556}") = "Zero.Abp.Account.Blazor", "modules\account\Zero.Abp.Account.Blazor\Zero.Abp.Account.Blazor.csproj", "{672EE7FC-38C1-4125-B13E-98A000ED6A3A}"
EndProject
Project("{9A19103F-16F7-4668-BE54-9A1E7A4F7556}") = "Zero.Abp.Account.Blazor.Server", "modules\account\Zero.Abp.Account.Blazor.Server\Zero.Abp.Account.Blazor.Server.csproj", "{292B60FD-B0D9-4A0F-B077-76BD6876D820}"
EndProject
Project("{9A19103F-16F7-4668-BE54-9A1E7A4F7556}") = "Zero.Abp.Account.Blazor.WebAssembly", "modules\account\Zero.Abp.Account.Blazor.WebAssembly\Zero.Abp.Account.Blazor.WebAssembly.csproj", "{8D9D4ACE-E6C5-495D-AC59-4CC9334008EB}"
EndProject
Project("{9A19103F-16F7-4668-BE54-9A1E7A4F7556}") = "Volo.Abp.Account.Web", "modules\account\Volo.Abp.Account.Web\Volo.Abp.Account.Web.csproj", "{9979E895-3C12-46E2-9DAF-529D7D96F448}"
EndProject
Project("{9A19103F-16F7-4668-BE54-9A1E7A4F7556}") = "Zero.Abp.AntBlazor.Field", "framework\Zero.Abp.AntBlazor.Field\Zero.Abp.AntBlazor.Field.csproj", "{DA9BCEAF-0AF7-4C7F-BB7E-052E2EEBC53D}"
EndProject
Project("{9A19103F-16F7-4668-BE54-9A1E7A4F7556}") = "Zero.Abp.AntBlazor.Form", "framework\Zero.Abp.AntBlazor.Form\Zero.Abp.AntBlazor.Form.csproj", "{6A85FBDC-51C3-4202-B3BE-3CDB218435B1}"
EndProject
Project("{2150E333-8FDC-42A3-9474-1A3956D46DE8}") = "AntBlazorUI", "AntBlazorUI", "{8917CE1F-4E04-48C1-8420-8F4C15734FD5}"
EndProject
Project("{9A19103F-16F7-4668-BE54-9A1E7A4F7556}") = "Volo.Abp.Identity.AspNetCore", "modules\identity\Volo.Abp.Identity.AspNetCore\Volo.Abp.Identity.AspNetCore.csproj", "{A634B296-9DE1-4F07-926E-B8835BFD2013}"
EndProject
Project("{2150E333-8FDC-42A3-9474-1A3956D46DE8}") = "Components", "Components", "{7A962D2B-F9CE-4D1E-8101-AC9F20B4E399}"
EndProject
Global
	GlobalSection(SolutionConfigurationPlatforms) = preSolution
		Debug|Any CPU = Debug|Any CPU
		Release|Any CPU = Release|Any CPU
	EndGlobalSection
	GlobalSection(ProjectConfigurationPlatforms) = postSolution
		{68290D41-423C-4A63-997B-5BD8D3A9B1A4}.Debug|Any CPU.ActiveCfg = Debug|Any CPU
		{68290D41-423C-4A63-997B-5BD8D3A9B1A4}.Debug|Any CPU.Build.0 = Debug|Any CPU
		{68290D41-423C-4A63-997B-5BD8D3A9B1A4}.Release|Any CPU.ActiveCfg = Release|Any CPU
		{68290D41-423C-4A63-997B-5BD8D3A9B1A4}.Release|Any CPU.Build.0 = Release|Any CPU
		{128566DE-B4ED-4244-A766-AE540A37693C}.Debug|Any CPU.ActiveCfg = Debug|Any CPU
		{128566DE-B4ED-4244-A766-AE540A37693C}.Debug|Any CPU.Build.0 = Debug|Any CPU
		{128566DE-B4ED-4244-A766-AE540A37693C}.Release|Any CPU.ActiveCfg = Release|Any CPU
		{128566DE-B4ED-4244-A766-AE540A37693C}.Release|Any CPU.Build.0 = Release|Any CPU
		{F36A79BD-535C-4379-B689-6164CDE48ECD}.Debug|Any CPU.ActiveCfg = Debug|Any CPU
		{F36A79BD-535C-4379-B689-6164CDE48ECD}.Debug|Any CPU.Build.0 = Debug|Any CPU
		{F36A79BD-535C-4379-B689-6164CDE48ECD}.Release|Any CPU.ActiveCfg = Release|Any CPU
		{F36A79BD-535C-4379-B689-6164CDE48ECD}.Release|Any CPU.Build.0 = Release|Any CPU
		{9BF28911-E81B-400A-81A2-D6DEA0BC3D5F}.Debug|Any CPU.ActiveCfg = Debug|Any CPU
		{9BF28911-E81B-400A-81A2-D6DEA0BC3D5F}.Debug|Any CPU.Build.0 = Debug|Any CPU
		{9BF28911-E81B-400A-81A2-D6DEA0BC3D5F}.Release|Any CPU.ActiveCfg = Release|Any CPU
		{9BF28911-E81B-400A-81A2-D6DEA0BC3D5F}.Release|Any CPU.Build.0 = Release|Any CPU
		{B6F27515-8DB7-41FC-8662-FF3E642F8CD3}.Debug|Any CPU.ActiveCfg = Debug|Any CPU
		{B6F27515-8DB7-41FC-8662-FF3E642F8CD3}.Debug|Any CPU.Build.0 = Debug|Any CPU
		{B6F27515-8DB7-41FC-8662-FF3E642F8CD3}.Release|Any CPU.ActiveCfg = Release|Any CPU
		{B6F27515-8DB7-41FC-8662-FF3E642F8CD3}.Release|Any CPU.Build.0 = Release|Any CPU
		{A8527D7C-F84C-46A5-8BEB-13025F53ED09}.Debug|Any CPU.ActiveCfg = Debug|Any CPU
		{A8527D7C-F84C-46A5-8BEB-13025F53ED09}.Debug|Any CPU.Build.0 = Debug|Any CPU
		{A8527D7C-F84C-46A5-8BEB-13025F53ED09}.Release|Any CPU.ActiveCfg = Release|Any CPU
		{A8527D7C-F84C-46A5-8BEB-13025F53ED09}.Release|Any CPU.Build.0 = Release|Any CPU
		{9D777F20-BBE4-4403-BF63-ACD75C7D6921}.Debug|Any CPU.ActiveCfg = Debug|Any CPU
		{9D777F20-BBE4-4403-BF63-ACD75C7D6921}.Debug|Any CPU.Build.0 = Debug|Any CPU
		{9D777F20-BBE4-4403-BF63-ACD75C7D6921}.Release|Any CPU.ActiveCfg = Release|Any CPU
		{9D777F20-BBE4-4403-BF63-ACD75C7D6921}.Release|Any CPU.Build.0 = Release|Any CPU
		{B0FE6C41-8632-4260-97F7-4E2930935311}.Debug|Any CPU.ActiveCfg = Debug|Any CPU
		{B0FE6C41-8632-4260-97F7-4E2930935311}.Debug|Any CPU.Build.0 = Debug|Any CPU
		{B0FE6C41-8632-4260-97F7-4E2930935311}.Release|Any CPU.ActiveCfg = Release|Any CPU
		{B0FE6C41-8632-4260-97F7-4E2930935311}.Release|Any CPU.Build.0 = Release|Any CPU
		{91CFC0C5-5CBF-4FCE-AE17-513BC7AF928E}.Debug|Any CPU.ActiveCfg = Debug|Any CPU
		{91CFC0C5-5CBF-4FCE-AE17-513BC7AF928E}.Debug|Any CPU.Build.0 = Debug|Any CPU
		{91CFC0C5-5CBF-4FCE-AE17-513BC7AF928E}.Release|Any CPU.ActiveCfg = Release|Any CPU
		{91CFC0C5-5CBF-4FCE-AE17-513BC7AF928E}.Release|Any CPU.Build.0 = Release|Any CPU
		{96F07818-FD62-447E-8D04-98D13CD8F36F}.Debug|Any CPU.ActiveCfg = Debug|Any CPU
		{96F07818-FD62-447E-8D04-98D13CD8F36F}.Debug|Any CPU.Build.0 = Debug|Any CPU
		{96F07818-FD62-447E-8D04-98D13CD8F36F}.Release|Any CPU.ActiveCfg = Release|Any CPU
		{96F07818-FD62-447E-8D04-98D13CD8F36F}.Release|Any CPU.Build.0 = Release|Any CPU
		{4CBA1651-AEEF-4C2C-9AD2-BCD52FB7ED02}.Debug|Any CPU.ActiveCfg = Debug|Any CPU
		{4CBA1651-AEEF-4C2C-9AD2-BCD52FB7ED02}.Debug|Any CPU.Build.0 = Debug|Any CPU
		{4CBA1651-AEEF-4C2C-9AD2-BCD52FB7ED02}.Release|Any CPU.ActiveCfg = Release|Any CPU
		{4CBA1651-AEEF-4C2C-9AD2-BCD52FB7ED02}.Release|Any CPU.Build.0 = Release|Any CPU
		{2D8A309D-2357-4D01-8182-055E09524A4E}.Debug|Any CPU.ActiveCfg = Debug|Any CPU
		{2D8A309D-2357-4D01-8182-055E09524A4E}.Debug|Any CPU.Build.0 = Debug|Any CPU
		{2D8A309D-2357-4D01-8182-055E09524A4E}.Release|Any CPU.ActiveCfg = Release|Any CPU
		{2D8A309D-2357-4D01-8182-055E09524A4E}.Release|Any CPU.Build.0 = Release|Any CPU
		{CAF8ADB7-C0D9-41A1-93D5-98D1E06B038B}.Debug|Any CPU.ActiveCfg = Debug|Any CPU
		{CAF8ADB7-C0D9-41A1-93D5-98D1E06B038B}.Debug|Any CPU.Build.0 = Debug|Any CPU
		{CAF8ADB7-C0D9-41A1-93D5-98D1E06B038B}.Release|Any CPU.ActiveCfg = Release|Any CPU
		{CAF8ADB7-C0D9-41A1-93D5-98D1E06B038B}.Release|Any CPU.Build.0 = Release|Any CPU
		{2F9BE7C2-B253-4481-8BFE-FE58501A4337}.Debug|Any CPU.ActiveCfg = Debug|Any CPU
		{2F9BE7C2-B253-4481-8BFE-FE58501A4337}.Debug|Any CPU.Build.0 = Debug|Any CPU
		{2F9BE7C2-B253-4481-8BFE-FE58501A4337}.Release|Any CPU.ActiveCfg = Release|Any CPU
		{2F9BE7C2-B253-4481-8BFE-FE58501A4337}.Release|Any CPU.Build.0 = Release|Any CPU
		{0CC6BBCC-92E0-4A87-BBA8-F3CBF94ED10A}.Debug|Any CPU.ActiveCfg = Debug|Any CPU
		{0CC6BBCC-92E0-4A87-BBA8-F3CBF94ED10A}.Debug|Any CPU.Build.0 = Debug|Any CPU
		{0CC6BBCC-92E0-4A87-BBA8-F3CBF94ED10A}.Release|Any CPU.ActiveCfg = Release|Any CPU
		{0CC6BBCC-92E0-4A87-BBA8-F3CBF94ED10A}.Release|Any CPU.Build.0 = Release|Any CPU
		{FD4A5ACD-9FB6-4FB9-AF35-ABC2475DEA50}.Debug|Any CPU.ActiveCfg = Debug|Any CPU
		{FD4A5ACD-9FB6-4FB9-AF35-ABC2475DEA50}.Debug|Any CPU.Build.0 = Debug|Any CPU
		{FD4A5ACD-9FB6-4FB9-AF35-ABC2475DEA50}.Release|Any CPU.ActiveCfg = Release|Any CPU
		{FD4A5ACD-9FB6-4FB9-AF35-ABC2475DEA50}.Release|Any CPU.Build.0 = Release|Any CPU
		{7B0A6D4C-42EB-4B88-BF55-86CD88698BAC}.Debug|Any CPU.ActiveCfg = Debug|Any CPU
		{7B0A6D4C-42EB-4B88-BF55-86CD88698BAC}.Debug|Any CPU.Build.0 = Debug|Any CPU
		{7B0A6D4C-42EB-4B88-BF55-86CD88698BAC}.Release|Any CPU.ActiveCfg = Release|Any CPU
		{7B0A6D4C-42EB-4B88-BF55-86CD88698BAC}.Release|Any CPU.Build.0 = Release|Any CPU
		{ADCA69E5-0B12-43BA-A8A9-3993808530CE}.Debug|Any CPU.ActiveCfg = Debug|Any CPU
		{ADCA69E5-0B12-43BA-A8A9-3993808530CE}.Debug|Any CPU.Build.0 = Debug|Any CPU
		{ADCA69E5-0B12-43BA-A8A9-3993808530CE}.Release|Any CPU.ActiveCfg = Release|Any CPU
		{ADCA69E5-0B12-43BA-A8A9-3993808530CE}.Release|Any CPU.Build.0 = Release|Any CPU
		{D8CDBCB4-0AC8-4DEC-BD0C-BEA0B11DC8EE}.Debug|Any CPU.ActiveCfg = Debug|Any CPU
		{D8CDBCB4-0AC8-4DEC-BD0C-BEA0B11DC8EE}.Debug|Any CPU.Build.0 = Debug|Any CPU
		{D8CDBCB4-0AC8-4DEC-BD0C-BEA0B11DC8EE}.Release|Any CPU.ActiveCfg = Release|Any CPU
		{D8CDBCB4-0AC8-4DEC-BD0C-BEA0B11DC8EE}.Release|Any CPU.Build.0 = Release|Any CPU
		{8C7BBB13-3C39-455A-956A-60EEB34827BE}.Debug|Any CPU.ActiveCfg = Debug|Any CPU
		{8C7BBB13-3C39-455A-956A-60EEB34827BE}.Debug|Any CPU.Build.0 = Debug|Any CPU
		{8C7BBB13-3C39-455A-956A-60EEB34827BE}.Release|Any CPU.ActiveCfg = Release|Any CPU
		{8C7BBB13-3C39-455A-956A-60EEB34827BE}.Release|Any CPU.Build.0 = Release|Any CPU
		{BDF35502-AE77-4B1C-90E2-797EF857FFAE}.Debug|Any CPU.ActiveCfg = Debug|Any CPU
		{BDF35502-AE77-4B1C-90E2-797EF857FFAE}.Debug|Any CPU.Build.0 = Debug|Any CPU
		{BDF35502-AE77-4B1C-90E2-797EF857FFAE}.Release|Any CPU.ActiveCfg = Release|Any CPU
		{BDF35502-AE77-4B1C-90E2-797EF857FFAE}.Release|Any CPU.Build.0 = Release|Any CPU
		{AB96A8F2-CDBB-4474-B9C1-7AE54ABD53F2}.Debug|Any CPU.ActiveCfg = Debug|Any CPU
		{AB96A8F2-CDBB-4474-B9C1-7AE54ABD53F2}.Debug|Any CPU.Build.0 = Debug|Any CPU
		{AB96A8F2-CDBB-4474-B9C1-7AE54ABD53F2}.Release|Any CPU.ActiveCfg = Release|Any CPU
		{AB96A8F2-CDBB-4474-B9C1-7AE54ABD53F2}.Release|Any CPU.Build.0 = Release|Any CPU
		{96948F4F-67C9-4142-94A0-3D3B9B352439}.Debug|Any CPU.ActiveCfg = Debug|Any CPU
		{96948F4F-67C9-4142-94A0-3D3B9B352439}.Debug|Any CPU.Build.0 = Debug|Any CPU
		{96948F4F-67C9-4142-94A0-3D3B9B352439}.Release|Any CPU.ActiveCfg = Release|Any CPU
		{96948F4F-67C9-4142-94A0-3D3B9B352439}.Release|Any CPU.Build.0 = Release|Any CPU
		{C2908F0C-653F-45EF-8FCF-E2B5F4658C46}.Debug|Any CPU.ActiveCfg = Debug|Any CPU
		{C2908F0C-653F-45EF-8FCF-E2B5F4658C46}.Debug|Any CPU.Build.0 = Debug|Any CPU
		{C2908F0C-653F-45EF-8FCF-E2B5F4658C46}.Release|Any CPU.ActiveCfg = Release|Any CPU
		{C2908F0C-653F-45EF-8FCF-E2B5F4658C46}.Release|Any CPU.Build.0 = Release|Any CPU
		{6FA76839-BD04-49F9-BDA5-335ED6B099AE}.Debug|Any CPU.ActiveCfg = Debug|Any CPU
		{6FA76839-BD04-49F9-BDA5-335ED6B099AE}.Debug|Any CPU.Build.0 = Debug|Any CPU
		{6FA76839-BD04-49F9-BDA5-335ED6B099AE}.Release|Any CPU.ActiveCfg = Release|Any CPU
		{6FA76839-BD04-49F9-BDA5-335ED6B099AE}.Release|Any CPU.Build.0 = Release|Any CPU
		{25AA3D0E-DD12-41CB-A807-61BC63317A58}.Debug|Any CPU.ActiveCfg = Debug|Any CPU
		{25AA3D0E-DD12-41CB-A807-61BC63317A58}.Debug|Any CPU.Build.0 = Debug|Any CPU
		{25AA3D0E-DD12-41CB-A807-61BC63317A58}.Release|Any CPU.ActiveCfg = Release|Any CPU
		{25AA3D0E-DD12-41CB-A807-61BC63317A58}.Release|Any CPU.Build.0 = Release|Any CPU
		{FCA687C5-7063-4426-8D28-2E98231855D7}.Debug|Any CPU.ActiveCfg = Debug|Any CPU
		{FCA687C5-7063-4426-8D28-2E98231855D7}.Debug|Any CPU.Build.0 = Debug|Any CPU
		{FCA687C5-7063-4426-8D28-2E98231855D7}.Release|Any CPU.ActiveCfg = Release|Any CPU
		{FCA687C5-7063-4426-8D28-2E98231855D7}.Release|Any CPU.Build.0 = Release|Any CPU
		{B8D1A256-84DD-4E51-989A-EC2B8511CD6C}.Debug|Any CPU.ActiveCfg = Debug|Any CPU
		{B8D1A256-84DD-4E51-989A-EC2B8511CD6C}.Debug|Any CPU.Build.0 = Debug|Any CPU
		{B8D1A256-84DD-4E51-989A-EC2B8511CD6C}.Release|Any CPU.ActiveCfg = Release|Any CPU
		{B8D1A256-84DD-4E51-989A-EC2B8511CD6C}.Release|Any CPU.Build.0 = Release|Any CPU
		{3DCA1FA6-3E54-4715-BD3C-C62CBF9872C9}.Debug|Any CPU.ActiveCfg = Debug|Any CPU
		{3DCA1FA6-3E54-4715-BD3C-C62CBF9872C9}.Debug|Any CPU.Build.0 = Debug|Any CPU
		{3DCA1FA6-3E54-4715-BD3C-C62CBF9872C9}.Release|Any CPU.ActiveCfg = Release|Any CPU
		{3DCA1FA6-3E54-4715-BD3C-C62CBF9872C9}.Release|Any CPU.Build.0 = Release|Any CPU
		{7F35DE60-3F19-482A-BFA3-D32F27735EA3}.Debug|Any CPU.ActiveCfg = Debug|Any CPU
		{7F35DE60-3F19-482A-BFA3-D32F27735EA3}.Debug|Any CPU.Build.0 = Debug|Any CPU
		{7F35DE60-3F19-482A-BFA3-D32F27735EA3}.Release|Any CPU.ActiveCfg = Release|Any CPU
		{7F35DE60-3F19-482A-BFA3-D32F27735EA3}.Release|Any CPU.Build.0 = Release|Any CPU
		{0CB2DA4C-6FA1-4463-8B6C-EA7C2A340F40}.Debug|Any CPU.ActiveCfg = Debug|Any CPU
		{0CB2DA4C-6FA1-4463-8B6C-EA7C2A340F40}.Debug|Any CPU.Build.0 = Debug|Any CPU
		{0CB2DA4C-6FA1-4463-8B6C-EA7C2A340F40}.Release|Any CPU.ActiveCfg = Release|Any CPU
		{0CB2DA4C-6FA1-4463-8B6C-EA7C2A340F40}.Release|Any CPU.Build.0 = Release|Any CPU
		{337C3F13-B83A-4DE8-BAB6-39CE98F858E3}.Debug|Any CPU.ActiveCfg = Debug|Any CPU
		{337C3F13-B83A-4DE8-BAB6-39CE98F858E3}.Debug|Any CPU.Build.0 = Debug|Any CPU
		{337C3F13-B83A-4DE8-BAB6-39CE98F858E3}.Release|Any CPU.ActiveCfg = Release|Any CPU
		{337C3F13-B83A-4DE8-BAB6-39CE98F858E3}.Release|Any CPU.Build.0 = Release|Any CPU
		{DC2CC52B-BD25-4563-94A4-A43DDA8B1753}.Debug|Any CPU.ActiveCfg = Debug|Any CPU
		{DC2CC52B-BD25-4563-94A4-A43DDA8B1753}.Debug|Any CPU.Build.0 = Debug|Any CPU
		{DC2CC52B-BD25-4563-94A4-A43DDA8B1753}.Release|Any CPU.ActiveCfg = Release|Any CPU
		{DC2CC52B-BD25-4563-94A4-A43DDA8B1753}.Release|Any CPU.Build.0 = Release|Any CPU
		{F85BC3AA-AEEF-4DB9-B0BE-D5C8981BD04C}.Debug|Any CPU.ActiveCfg = Debug|Any CPU
		{F85BC3AA-AEEF-4DB9-B0BE-D5C8981BD04C}.Debug|Any CPU.Build.0 = Debug|Any CPU
		{F85BC3AA-AEEF-4DB9-B0BE-D5C8981BD04C}.Release|Any CPU.ActiveCfg = Release|Any CPU
		{F85BC3AA-AEEF-4DB9-B0BE-D5C8981BD04C}.Release|Any CPU.Build.0 = Release|Any CPU
		{CB691255-6C9B-49B0-B68A-93693EA1BAE2}.Debug|Any CPU.ActiveCfg = Debug|Any CPU
		{CB691255-6C9B-49B0-B68A-93693EA1BAE2}.Debug|Any CPU.Build.0 = Debug|Any CPU
		{CB691255-6C9B-49B0-B68A-93693EA1BAE2}.Release|Any CPU.ActiveCfg = Release|Any CPU
		{CB691255-6C9B-49B0-B68A-93693EA1BAE2}.Release|Any CPU.Build.0 = Release|Any CPU
		{4247739E-CA35-4E64-971F-96690BFA951D}.Debug|Any CPU.ActiveCfg = Debug|Any CPU
		{4247739E-CA35-4E64-971F-96690BFA951D}.Debug|Any CPU.Build.0 = Debug|Any CPU
		{4247739E-CA35-4E64-971F-96690BFA951D}.Release|Any CPU.ActiveCfg = Release|Any CPU
		{4247739E-CA35-4E64-971F-96690BFA951D}.Release|Any CPU.Build.0 = Release|Any CPU
		{51DA7A2F-E8BC-4239-8071-5D11B778826F}.Debug|Any CPU.ActiveCfg = Debug|Any CPU
		{51DA7A2F-E8BC-4239-8071-5D11B778826F}.Debug|Any CPU.Build.0 = Debug|Any CPU
		{51DA7A2F-E8BC-4239-8071-5D11B778826F}.Release|Any CPU.ActiveCfg = Release|Any CPU
		{51DA7A2F-E8BC-4239-8071-5D11B778826F}.Release|Any CPU.Build.0 = Release|Any CPU
		{F16553CC-F907-4D27-AED5-F436A60BDF85}.Debug|Any CPU.ActiveCfg = Debug|Any CPU
		{F16553CC-F907-4D27-AED5-F436A60BDF85}.Debug|Any CPU.Build.0 = Debug|Any CPU
		{F16553CC-F907-4D27-AED5-F436A60BDF85}.Release|Any CPU.ActiveCfg = Release|Any CPU
		{F16553CC-F907-4D27-AED5-F436A60BDF85}.Release|Any CPU.Build.0 = Release|Any CPU
		{EA2D9DCE-A518-4BC7-A8A4-A5FE3B1CA9FC}.Debug|Any CPU.ActiveCfg = Debug|Any CPU
		{EA2D9DCE-A518-4BC7-A8A4-A5FE3B1CA9FC}.Debug|Any CPU.Build.0 = Debug|Any CPU
		{EA2D9DCE-A518-4BC7-A8A4-A5FE3B1CA9FC}.Release|Any CPU.ActiveCfg = Release|Any CPU
		{EA2D9DCE-A518-4BC7-A8A4-A5FE3B1CA9FC}.Release|Any CPU.Build.0 = Release|Any CPU
		{91A975E4-9FE8-4431-BA60-F55F4298BA0C}.Debug|Any CPU.ActiveCfg = Debug|Any CPU
		{91A975E4-9FE8-4431-BA60-F55F4298BA0C}.Debug|Any CPU.Build.0 = Debug|Any CPU
		{91A975E4-9FE8-4431-BA60-F55F4298BA0C}.Release|Any CPU.ActiveCfg = Release|Any CPU
		{91A975E4-9FE8-4431-BA60-F55F4298BA0C}.Release|Any CPU.Build.0 = Release|Any CPU
		{672EE7FC-38C1-4125-B13E-98A000ED6A3A}.Debug|Any CPU.ActiveCfg = Debug|Any CPU
		{672EE7FC-38C1-4125-B13E-98A000ED6A3A}.Debug|Any CPU.Build.0 = Debug|Any CPU
		{672EE7FC-38C1-4125-B13E-98A000ED6A3A}.Release|Any CPU.ActiveCfg = Release|Any CPU
		{672EE7FC-38C1-4125-B13E-98A000ED6A3A}.Release|Any CPU.Build.0 = Release|Any CPU
		{292B60FD-B0D9-4A0F-B077-76BD6876D820}.Debug|Any CPU.ActiveCfg = Debug|Any CPU
		{292B60FD-B0D9-4A0F-B077-76BD6876D820}.Debug|Any CPU.Build.0 = Debug|Any CPU
		{292B60FD-B0D9-4A0F-B077-76BD6876D820}.Release|Any CPU.ActiveCfg = Release|Any CPU
		{292B60FD-B0D9-4A0F-B077-76BD6876D820}.Release|Any CPU.Build.0 = Release|Any CPU
		{8D9D4ACE-E6C5-495D-AC59-4CC9334008EB}.Debug|Any CPU.ActiveCfg = Debug|Any CPU
		{8D9D4ACE-E6C5-495D-AC59-4CC9334008EB}.Debug|Any CPU.Build.0 = Debug|Any CPU
		{8D9D4ACE-E6C5-495D-AC59-4CC9334008EB}.Release|Any CPU.ActiveCfg = Release|Any CPU
		{8D9D4ACE-E6C5-495D-AC59-4CC9334008EB}.Release|Any CPU.Build.0 = Release|Any CPU
		{9979E895-3C12-46E2-9DAF-529D7D96F448}.Debug|Any CPU.ActiveCfg = Debug|Any CPU
		{9979E895-3C12-46E2-9DAF-529D7D96F448}.Debug|Any CPU.Build.0 = Debug|Any CPU
		{9979E895-3C12-46E2-9DAF-529D7D96F448}.Release|Any CPU.ActiveCfg = Release|Any CPU
		{9979E895-3C12-46E2-9DAF-529D7D96F448}.Release|Any CPU.Build.0 = Release|Any CPU
		{DA9BCEAF-0AF7-4C7F-BB7E-052E2EEBC53D}.Debug|Any CPU.ActiveCfg = Debug|Any CPU
		{DA9BCEAF-0AF7-4C7F-BB7E-052E2EEBC53D}.Debug|Any CPU.Build.0 = Debug|Any CPU
		{DA9BCEAF-0AF7-4C7F-BB7E-052E2EEBC53D}.Release|Any CPU.ActiveCfg = Release|Any CPU
		{DA9BCEAF-0AF7-4C7F-BB7E-052E2EEBC53D}.Release|Any CPU.Build.0 = Release|Any CPU
		{6A85FBDC-51C3-4202-B3BE-3CDB218435B1}.Debug|Any CPU.ActiveCfg = Debug|Any CPU
		{6A85FBDC-51C3-4202-B3BE-3CDB218435B1}.Debug|Any CPU.Build.0 = Debug|Any CPU
		{6A85FBDC-51C3-4202-B3BE-3CDB218435B1}.Release|Any CPU.ActiveCfg = Release|Any CPU
		{6A85FBDC-51C3-4202-B3BE-3CDB218435B1}.Release|Any CPU.Build.0 = Release|Any CPU
		{A634B296-9DE1-4F07-926E-B8835BFD2013}.Debug|Any CPU.ActiveCfg = Debug|Any CPU
		{A634B296-9DE1-4F07-926E-B8835BFD2013}.Debug|Any CPU.Build.0 = Debug|Any CPU
		{A634B296-9DE1-4F07-926E-B8835BFD2013}.Release|Any CPU.ActiveCfg = Release|Any CPU
		{A634B296-9DE1-4F07-926E-B8835BFD2013}.Release|Any CPU.Build.0 = Release|Any CPU
	EndGlobalSection
	GlobalSection(SolutionProperties) = preSolution
		HideSolutionNode = FALSE
	EndGlobalSection
	GlobalSection(NestedProjects) = preSolution
		{68290D41-423C-4A63-997B-5BD8D3A9B1A4} = {7A962D2B-F9CE-4D1E-8101-AC9F20B4E399}
		{128566DE-B4ED-4244-A766-AE540A37693C} = {DABBF297-AD92-4D54-8300-D515389CB6C1}
		{F36A79BD-535C-4379-B689-6164CDE48ECD} = {DABBF297-AD92-4D54-8300-D515389CB6C1}
		{9BF28911-E81B-400A-81A2-D6DEA0BC3D5F} = {7A962D2B-F9CE-4D1E-8101-AC9F20B4E399}
		{B6F27515-8DB7-41FC-8662-FF3E642F8CD3} = {7A962D2B-F9CE-4D1E-8101-AC9F20B4E399}
		{A8527D7C-F84C-46A5-8BEB-13025F53ED09} = {7A962D2B-F9CE-4D1E-8101-AC9F20B4E399}
		{9D777F20-BBE4-4403-BF63-ACD75C7D6921} = {B37C3EE3-BB53-41C5-8957-4F911D20FFCD}
		{B0FE6C41-8632-4260-97F7-4E2930935311} = {B37C3EE3-BB53-41C5-8957-4F911D20FFCD}
		{91CFC0C5-5CBF-4FCE-AE17-513BC7AF928E} = {95C2E203-00A7-440E-A098-C3ADA4B97EC3}
		{96F07818-FD62-447E-8D04-98D13CD8F36F} = {95C2E203-00A7-440E-A098-C3ADA4B97EC3}
		{4CBA1651-AEEF-4C2C-9AD2-BCD52FB7ED02} = {95C2E203-00A7-440E-A098-C3ADA4B97EC3}
		{DABBF297-AD92-4D54-8300-D515389CB6C1} = {9B20C328-C33E-4ACC-90AE-EEE112C36EEC}
		{95C2E203-00A7-440E-A098-C3ADA4B97EC3} = {9B20C328-C33E-4ACC-90AE-EEE112C36EEC}
		{23D57A80-0DC6-45A3-A083-D077E5AC0FF5} = {85345669-869D-4390-9B3A-B69599C10BBF}
		{2D8A309D-2357-4D01-8182-055E09524A4E} = {23D57A80-0DC6-45A3-A083-D077E5AC0FF5}
		{CAF8ADB7-C0D9-41A1-93D5-98D1E06B038B} = {23D57A80-0DC6-45A3-A083-D077E5AC0FF5}
		{2F9BE7C2-B253-4481-8BFE-FE58501A4337} = {23D57A80-0DC6-45A3-A083-D077E5AC0FF5}
		{0CC6BBCC-92E0-4A87-BBA8-F3CBF94ED10A} = {74951E45-3925-4637-A97D-7AF77C279549}
		{FD4A5ACD-9FB6-4FB9-AF35-ABC2475DEA50} = {74951E45-3925-4637-A97D-7AF77C279549}
		{7B0A6D4C-42EB-4B88-BF55-86CD88698BAC} = {74951E45-3925-4637-A97D-7AF77C279549}
		{ADCA69E5-0B12-43BA-A8A9-3993808530CE} = {8917CE1F-4E04-48C1-8420-8F4C15734FD5}
		{D8CDBCB4-0AC8-4DEC-BD0C-BEA0B11DC8EE} = {8917CE1F-4E04-48C1-8420-8F4C15734FD5}
		{8C7BBB13-3C39-455A-956A-60EEB34827BE} = {B926DFFA-EB8D-4B81-8C82-2F8E3636AB57}
		{B926DFFA-EB8D-4B81-8C82-2F8E3636AB57} = {B37C3EE3-BB53-41C5-8957-4F911D20FFCD}
		{BDF35502-AE77-4B1C-90E2-797EF857FFAE} = {B926DFFA-EB8D-4B81-8C82-2F8E3636AB57}
		{AB96A8F2-CDBB-4474-B9C1-7AE54ABD53F2} = {B926DFFA-EB8D-4B81-8C82-2F8E3636AB57}
		{96948F4F-67C9-4142-94A0-3D3B9B352439} = {B926DFFA-EB8D-4B81-8C82-2F8E3636AB57}
		{C2908F0C-653F-45EF-8FCF-E2B5F4658C46} = {B926DFFA-EB8D-4B81-8C82-2F8E3636AB57}
		{6FA76839-BD04-49F9-BDA5-335ED6B099AE} = {B926DFFA-EB8D-4B81-8C82-2F8E3636AB57}
		{25AA3D0E-DD12-41CB-A807-61BC63317A58} = {B926DFFA-EB8D-4B81-8C82-2F8E3636AB57}
		{FCA687C5-7063-4426-8D28-2E98231855D7} = {B926DFFA-EB8D-4B81-8C82-2F8E3636AB57}
		{5CD9C648-6718-4676-9BA4-8842B1EC14A3} = {85345669-869D-4390-9B3A-B69599C10BBF}
		{B8D1A256-84DD-4E51-989A-EC2B8511CD6C} = {5CD9C648-6718-4676-9BA4-8842B1EC14A3}
		{3DCA1FA6-3E54-4715-BD3C-C62CBF9872C9} = {5CD9C648-6718-4676-9BA4-8842B1EC14A3}
		{7F35DE60-3F19-482A-BFA3-D32F27735EA3} = {5CD9C648-6718-4676-9BA4-8842B1EC14A3}
		{DEE9E17A-CDEB-4E20-B6A2-C15D0814B54B} = {85345669-869D-4390-9B3A-B69599C10BBF}
		{0CB2DA4C-6FA1-4463-8B6C-EA7C2A340F40} = {DEE9E17A-CDEB-4E20-B6A2-C15D0814B54B}
		{337C3F13-B83A-4DE8-BAB6-39CE98F858E3} = {DEE9E17A-CDEB-4E20-B6A2-C15D0814B54B}
		{DC2CC52B-BD25-4563-94A4-A43DDA8B1753} = {DEE9E17A-CDEB-4E20-B6A2-C15D0814B54B}
		{DC0F0F27-CCA0-41E9-BDC1-0A28C3E34F94} = {85345669-869D-4390-9B3A-B69599C10BBF}
		{F85BC3AA-AEEF-4DB9-B0BE-D5C8981BD04C} = {DC0F0F27-CCA0-41E9-BDC1-0A28C3E34F94}
		{CB691255-6C9B-49B0-B68A-93693EA1BAE2} = {DC0F0F27-CCA0-41E9-BDC1-0A28C3E34F94}
		{4247739E-CA35-4E64-971F-96690BFA951D} = {DC0F0F27-CCA0-41E9-BDC1-0A28C3E34F94}
		{F4F32FDB-EF32-4E2A-8195-49B616D9F592} = {85345669-869D-4390-9B3A-B69599C10BBF}
		{51DA7A2F-E8BC-4239-8071-5D11B778826F} = {F4F32FDB-EF32-4E2A-8195-49B616D9F592}
		{F16553CC-F907-4D27-AED5-F436A60BDF85} = {F4F32FDB-EF32-4E2A-8195-49B616D9F592}
		{EA2D9DCE-A518-4BC7-A8A4-A5FE3B1CA9FC} = {F4F32FDB-EF32-4E2A-8195-49B616D9F592}
		{A4266861-1074-4143-8746-B9C13379D369} = {85345669-869D-4390-9B3A-B69599C10BBF}
		{672EE7FC-38C1-4125-B13E-98A000ED6A3A} = {A4266861-1074-4143-8746-B9C13379D369}
		{292B60FD-B0D9-4A0F-B077-76BD6876D820} = {A4266861-1074-4143-8746-B9C13379D369}
		{8D9D4ACE-E6C5-495D-AC59-4CC9334008EB} = {A4266861-1074-4143-8746-B9C13379D369}
		{9979E895-3C12-46E2-9DAF-529D7D96F448} = {A4266861-1074-4143-8746-B9C13379D369}
		{DA9BCEAF-0AF7-4C7F-BB7E-052E2EEBC53D} = {8917CE1F-4E04-48C1-8420-8F4C15734FD5}
		{6A85FBDC-51C3-4202-B3BE-3CDB218435B1} = {8917CE1F-4E04-48C1-8420-8F4C15734FD5}
		{8917CE1F-4E04-48C1-8420-8F4C15734FD5} = {9B20C328-C33E-4ACC-90AE-EEE112C36EEC}
		{A634B296-9DE1-4F07-926E-B8835BFD2013} = {DC0F0F27-CCA0-41E9-BDC1-0A28C3E34F94}
		{7A962D2B-F9CE-4D1E-8101-AC9F20B4E399} = {9B20C328-C33E-4ACC-90AE-EEE112C36EEC}
	EndGlobalSection
	GlobalSection(ExtensibilityGlobals) = postSolution
		SolutionGuid = {CCCD4626-D10B-4FA0-A554-235AECB0AB80}
	EndGlobalSection
EndGlobal
